
Microsoft Visual Studio Solution File, Format Version 12.00
# Visual Studio Version 17
VisualStudioVersion = 17.14.36408.4 d17.14
MinimumVisualStudioVersion = 10.0.40219.1
Project("{FAE04EC0-301F-11D3-BF4B-00C04F79EFBC}") = "CRUDExample", "CRUDExample\CRUDExample.csproj", "{18EA42BD-B070-498D-8164-BCBDD0E50A77}"
EndProject
Project("{FAE04EC0-301F-11D3-BF4B-00C04F79EFBC}") = "CRUDTests", "CRUDTests\CRUDTests.csproj", "{25E5077C-8692-4527-8B87-4056FA4A6A73}"
EndProject
Project("{FAE04EC0-301F-11D3-BF4B-00C04F79EFBC}") = "Entities", "Entities\Entities.csproj", "{5CFD4CE5-7DAD-4AA9-B496-60AE46DC0F66}"
EndProject
Project("{FAE04EC0-301F-11D3-BF4B-00C04F79EFBC}") = "ServiceContracts", "ServiceContracts\ServiceContracts.csproj", "{C144701D-A568-4C30-8248-3E9758B5A54F}"
EndProject
Project("{FAE04EC0-301F-11D3-BF4B-00C04F79EFBC}") = "Services", "Services\Services.csproj", "{967FF0A2-26C8-43FA-A3F1-12B82531916E}"
EndProject
Global
	GlobalSection(SolutionConfigurationPlatforms) = preSolution
		Debug|Any CPU = Debug|Any CPU
		Release|Any CPU = Release|Any CPU
	EndGlobalSection
	GlobalSection(ProjectConfigurationPlatforms) = postSolution
		{18EA42BD-B070-498D-8164-BCBDD0E50A77}.Debug|Any CPU.ActiveCfg = Debug|Any CPU
		{18EA42BD-B070-498D-8164-BCBDD0E50A77}.Debug|Any CPU.Build.0 = Debug|Any CPU
		{18EA42BD-B070-498D-8164-BCBDD0E50A77}.Release|Any CPU.ActiveCfg = Release|Any CPU
		{18EA42BD-B070-498D-8164-BCBDD0E50A77}.Release|Any CPU.Build.0 = Release|Any CPU
		{25E5077C-8692-4527-8B87-4056FA4A6A73}.Debug|Any CPU.ActiveCfg = Debug|Any CPU
		{25E5077C-8692-4527-8B87-4056FA4A6A73}.Debug|Any CPU.Build.0 = Debug|Any CPU
		{25E5077C-8692-4527-8B87-4056FA4A6A73}.Release|Any CPU.ActiveCfg = Release|Any CPU
		{25E5077C-8692-4527-8B87-4056FA4A6A73}.Release|Any CPU.Build.0 = Release|Any CPU
		{5CFD4CE5-7DAD-4AA9-B496-60AE46DC0F66}.Debug|Any CPU.ActiveCfg = Debug|Any CPU
		{5CFD4CE5-7DAD-4AA9-B496-60AE46DC0F66}.Debug|Any CPU.Build.0 = Debug|Any CPU
		{5CFD4CE5-7DAD-4AA9-B496-60AE46DC0F66}.Release|Any CPU.ActiveCfg = Release|Any CPU
		{5CFD4CE5-7DAD-4AA9-B496-60AE46DC0F66}.Release|Any CPU.Build.0 = Release|Any CPU
		{C144701D-A568-4C30-8248-3E9758B5A54F}.Debug|Any CPU.ActiveCfg = Debug|Any CPU
		{C144701D-A568-4C30-8248-3E9758B5A54F}.Debug|Any CPU.Build.0 = Debug|Any CPU
		{C144701D-A568-4C30-8248-3E9758B5A54F}.Release|Any CPU.ActiveCfg = Release|Any CPU
		{C144701D-A568-4C30-8248-3E9758B5A54F}.Release|Any CPU.Build.0 = Release|Any CPU
		{967FF0A2-26C8-43FA-A3F1-12B82531916E}.Debug|Any CPU.ActiveCfg = Debug|Any CPU
		{967FF0A2-26C8-43FA-A3F1-12B82531916E}.Debug|Any CPU.Build.0 = Debug|Any CPU
		{967FF0A2-26C8-43FA-A3F1-12B82531916E}.Release|Any CPU.ActiveCfg = Release|Any CPU
		{967FF0A2-26C8-43FA-A3F1-12B82531916E}.Release|Any CPU.Build.0 = Release|Any CPU
	EndGlobalSection
	GlobalSection(SolutionProperties) = preSolution
		HideSolutionNode = FALSE
	EndGlobalSection
	GlobalSection(ExtensibilityGlobals) = postSolution
		SolutionGuid = {75E8EB4A-F3B5-47C7-9E5D-7968496218AE}
	EndGlobalSection
EndGlobal
